
Microsoft Visual Studio Solution File, Format Version 12.00
# Visual Studio Version 16
VisualStudioVersion = 16.0.32510.428
MinimumVisualStudioVersion = 10.0.40219.1
Project("{FAE04EC0-301F-11D3-BF4B-00C04F79EFBC}") = "PARQUEADERO.API", "PARQUEADERO.API\PARQUEADERO.API.csproj", "{B14C53AE-01D1-44EF-99FB-62B1980415F0}"
EndProject
Project("{FAE04EC0-301F-11D3-BF4B-00C04F79EFBC}") = "PARQUEADERO.BL", "PARQUEADERO.BL\PARQUEADERO.BL.csproj", "{970620AC-7A97-408B-B839-D9A211D9DE24}"
EndProject
Global
	GlobalSection(SolutionConfigurationPlatforms) = preSolution
		Debug|Any CPU = Debug|Any CPU
		Release|Any CPU = Release|Any CPU
	EndGlobalSection
	GlobalSection(ProjectConfigurationPlatforms) = postSolution
		{B14C53AE-01D1-44EF-99FB-62B1980415F0}.Debug|Any CPU.ActiveCfg = Debug|Any CPU
		{B14C53AE-01D1-44EF-99FB-62B1980415F0}.Debug|Any CPU.Build.0 = Debug|Any CPU
		{B14C53AE-01D1-44EF-99FB-62B1980415F0}.Release|Any CPU.ActiveCfg = Release|Any CPU
		{B14C53AE-01D1-44EF-99FB-62B1980415F0}.Release|Any CPU.Build.0 = Release|Any CPU
		{970620AC-7A97-408B-B839-D9A211D9DE24}.Debug|Any CPU.ActiveCfg = Debug|Any CPU
		{970620AC-7A97-408B-B839-D9A211D9DE24}.Debug|Any CPU.Build.0 = Debug|Any CPU
		{970620AC-7A97-408B-B839-D9A211D9DE24}.Release|Any CPU.ActiveCfg = Release|Any CPU
		{970620AC-7A97-408B-B839-D9A211D9DE24}.Release|Any CPU.Build.0 = Release|Any CPU
	EndGlobalSection
	GlobalSection(SolutionProperties) = preSolution
		HideSolutionNode = FALSE
	EndGlobalSection
	GlobalSection(ExtensibilityGlobals) = postSolution
		SolutionGuid = {B89075CF-C734-4B4C-A9D4-AB6E27C4DBC9}
	EndGlobalSection
EndGlobal
